
Microsoft Visual Studio Solution File, Format Version 12.00
# Visual Studio Version 16
VisualStudioVersion = 16.0.35931.194
MinimumVisualStudioVersion = 10.0.40219.1
Project("{8BC9CEB8-8B4A-11D0-8D11-00A0C91BC942}") = "Heap 4", "Heap 4\Heap 4.vcxproj", "{FAA719F9-059D-494B-86AB-0787A7005905}"
EndProject
Global
	GlobalSection(SolutionConfigurationPlatforms) = preSolution
		Debug|x64 = Debug|x64
		Debug|x86 = Debug|x86
		Release|x64 = Release|x64
		Release|x86 = Release|x86
	EndGlobalSection
	GlobalSection(ProjectConfigurationPlatforms) = postSolution
		{FAA719F9-059D-494B-86AB-0787A7005905}.Debug|x64.ActiveCfg = Debug|x64
		{FAA719F9-059D-494B-86AB-0787A7005905}.Debug|x64.Build.0 = Debug|x64
		{FAA719F9-059D-494B-86AB-0787A7005905}.Debug|x86.ActiveCfg = Debug|Win32
		{FAA719F9-059D-494B-86AB-0787A7005905}.Debug|x86.Build.0 = Debug|Win32
		{FAA719F9-059D-494B-86AB-0787A7005905}.Release|x64.ActiveCfg = Release|x64
		{FAA719F9-059D-494B-86AB-0787A7005905}.Release|x64.Build.0 = Release|x64
		{FAA719F9-059D-494B-86AB-0787A7005905}.Release|x86.ActiveCfg = Release|Win32
		{FAA719F9-059D-494B-86AB-0787A7005905}.Release|x86.Build.0 = Release|Win32
	EndGlobalSection
	GlobalSection(SolutionProperties) = preSolution
		HideSolutionNode = FALSE
	EndGlobalSection
	GlobalSection(ExtensibilityGlobals) = postSolution
		SolutionGuid = {B5387F09-1873-4DDC-9F0D-22459D4B5DCE}
	EndGlobalSection
EndGlobal
